
Microsoft Visual Studio Solution File, Format Version 12.00
Project("{FAE04EC0-301F-11D3-BF4B-00C04F79EFBC}") = "WorldsCollideTracker", "WorldsCollideTracker\WorldsCollideTracker.csproj", "{AAEE0722-41F0-48C6-B93C-EF70F916620E}"
EndProject
Global
	GlobalSection(SolutionConfigurationPlatforms) = preSolution
		Debug|Any CPU = Debug|Any CPU
		Release|Any CPU = Release|Any CPU
	EndGlobalSection
	GlobalSection(ProjectConfigurationPlatforms) = postSolution
		{AAEE0722-41F0-48C6-B93C-EF70F916620E}.Debug|Any CPU.ActiveCfg = Debug|Any CPU
		{AAEE0722-41F0-48C6-B93C-EF70F916620E}.Debug|Any CPU.Build.0 = Debug|Any CPU
		{AAEE0722-41F0-48C6-B93C-EF70F916620E}.Release|Any CPU.ActiveCfg = Release|Any CPU
		{AAEE0722-41F0-48C6-B93C-EF70F916620E}.Release|Any CPU.Build.0 = Release|Any CPU
	EndGlobalSection
EndGlobal
